// !$*UTF8*$!
{
	archiveVersion = 1;
	classes = {
	};
	objectVersion = 54;
	objects = {

/* Begin PBXBuildFile section */
		00E356F31AD99517003FC87E /* PianoSDKReactNativeTests.m in Sources */ = {isa = PBXBuildFile; fileRef = 00E356F21AD99517003FC87E /* PianoSDKReactNativeTests.m */; };
		0AAFF0568745EC530561D10E /* libPods-PianoSDKReactNative.a in Frameworks */ = {isa = PBXBuildFile; fileRef = 1D6B968EEBD441FBE501885F /* libPods-PianoSDKReactNative.a */; };
		13B07FBC1A68108700A75B9A /* AppDelegate.mm in Sources */ = {isa = PBXBuildFile; fileRef = 13B07FB01A68108700A75B9A /* AppDelegate.mm */; };
		13B07FBF1A68108700A75B9A /* Images.xcassets in Resources */ = {isa = PBXBuildFile; fileRef = 13B07FB51A68108700A75B9A /* Images.xcassets */; };
		13B07FC11A68108700A75B9A /* main.m in Sources */ = {isa = PBXBuildFile; fileRef = 13B07FB71A68108700A75B9A /* main.m */; };
		7212A8B50A1D1122092936DF /* libPods-PianoSDKReactNative-PianoSDKReactNativeTests.a in Frameworks */ = {isa = PBXBuildFile; fileRef = B88A150E4F94CA5EAB2FD8BD /* libPods-PianoSDKReactNative-PianoSDKReactNativeTests.a */; };
		81AB9BB82411601600AC10FF /* LaunchScreen.storyboard in Resources */ = {isa = PBXBuildFile; fileRef = 81AB9BB72411601600AC10FF /* LaunchScreen.storyboard */; };
		840CD4DC2A1CD4FA00C4100E /* PianoSdk.m in Sources */ = {isa = PBXBuildFile; fileRef = 840CD4DB2A1CD4FA00C4100E /* PianoSdk.m */; };
		840CD4E12A1D182300C4100E /* PianoC1X in Frameworks */ = {isa = PBXBuildFile; productRef = 840CD4E02A1D182300C4100E /* PianoC1X */; };
		840CD4E32A1D182300C4100E /* PianoCommon in Frameworks */ = {isa = PBXBuildFile; productRef = 840CD4E22A1D182300C4100E /* PianoCommon */; };
		840CD4E52A1D182300C4100E /* PianoComposer in Frameworks */ = {isa = PBXBuildFile; productRef = 840CD4E42A1D182300C4100E /* PianoComposer */; };
		840CD4E72A1D182300C4100E /* PianoOAuth in Frameworks */ = {isa = PBXBuildFile; productRef = 840CD4E62A1D182300C4100E /* PianoOAuth */; };
		840CD4E92A1D182300C4100E /* PianoTemplate in Frameworks */ = {isa = PBXBuildFile; productRef = 840CD4E82A1D182300C4100E /* PianoTemplate */; };
		840CD4EB2A1D182300C4100E /* PianoTemplate.ID in Frameworks */ = {isa = PBXBuildFile; productRef = 840CD4EA2A1D182300C4100E /* PianoTemplate.ID */; };
		840CD4F02A1D246C00C4100E /* PianoSdkWrapper.swift in Sources */ = {isa = PBXBuildFile; fileRef = 840CD4EF2A1D246C00C4100E /* PianoSdkWrapper.swift */; };
/* End PBXBuildFile section */

/* Begin PBXContainerItemProxy section */
		00E356F41AD99517003FC87E /* PBXContainerItemProxy */ = {
			isa = PBXContainerItemProxy;
			containerPortal = 83CBB9F71A601CBA00E9B192 /* Project object */;
			proxyType = 1;
			remoteGlobalIDString = 13B07F861A680F5B00A75B9A;
			remoteInfo = PianoSDKReactNative;
		};
/* End PBXContainerItemProxy section */

/* Begin PBXFileReference section */
		00E356EE1AD99517003FC87E /* PianoSDKReactNativeTests.xctest */ = {isa = PBXFileReference; explicitFileType = wrapper.cfbundle; includeInIndex = 0; path = PianoSDKReactNativeTests.xctest; sourceTree = BUILT_PRODUCTS_DIR; };
		00E356F11AD99517003FC87E /* Info.plist */ = {isa = PBXFileReference; lastKnownFileType = text.plist.xml; path = Info.plist; sourceTree = "<group>"; };
		00E356F21AD99517003FC87E /* PianoSDKReactNativeTests.m */ = {isa = PBXFileReference; lastKnownFileType = sourcecode.c.objc; path = PianoSDKReactNativeTests.m; sourceTree = "<group>"; };
		13B07F961A680F5B00A75B9A /* PianoSDKReactNative.app */ = {isa = PBXFileReference; explicitFileType = wrapper.application; includeInIndex = 0; path = PianoSDKReactNative.app; sourceTree = BUILT_PRODUCTS_DIR; };
		13B07FAF1A68108700A75B9A /* AppDelegate.h */ = {isa = PBXFileReference; fileEncoding = 4; lastKnownFileType = sourcecode.c.h; name = AppDelegate.h; path = PianoSDKReactNative/AppDelegate.h; sourceTree = "<group>"; };
		13B07FB01A68108700A75B9A /* AppDelegate.mm */ = {isa = PBXFileReference; fileEncoding = 4; lastKnownFileType = sourcecode.cpp.objcpp; name = AppDelegate.mm; path = PianoSDKReactNative/AppDelegate.mm; sourceTree = "<group>"; };
		13B07FB51A68108700A75B9A /* Images.xcassets */ = {isa = PBXFileReference; lastKnownFileType = folder.assetcatalog; name = Images.xcassets; path = PianoSDKReactNative/Images.xcassets; sourceTree = "<group>"; };
		13B07FB61A68108700A75B9A /* Info.plist */ = {isa = PBXFileReference; fileEncoding = 4; lastKnownFileType = text.plist.xml; name = Info.plist; path = PianoSDKReactNative/Info.plist; sourceTree = "<group>"; };
		13B07FB71A68108700A75B9A /* main.m */ = {isa = PBXFileReference; fileEncoding = 4; lastKnownFileType = sourcecode.c.objc; name = main.m; path = PianoSDKReactNative/main.m; sourceTree = "<group>"; };
		1C9AA2AFCE8986076BA2FFB1 /* Pods-PianoSDKReactNative-PianoSDKReactNativeTests.debug.xcconfig */ = {isa = PBXFileReference; includeInIndex = 1; lastKnownFileType = text.xcconfig; name = "Pods-PianoSDKReactNative-PianoSDKReactNativeTests.debug.xcconfig"; path = "Target Support Files/Pods-PianoSDKReactNative-PianoSDKReactNativeTests/Pods-PianoSDKReactNative-PianoSDKReactNativeTests.debug.xcconfig"; sourceTree = "<group>"; };
		1D6B968EEBD441FBE501885F /* libPods-PianoSDKReactNative.a */ = {isa = PBXFileReference; explicitFileType = archive.ar; includeInIndex = 0; path = "libPods-PianoSDKReactNative.a"; sourceTree = BUILT_PRODUCTS_DIR; };
		274AAA6EE8A1AF776A083E4F /* Pods-PianoSDKReactNative.release.xcconfig */ = {isa = PBXFileReference; includeInIndex = 1; lastKnownFileType = text.xcconfig; name = "Pods-PianoSDKReactNative.release.xcconfig"; path = "Target Support Files/Pods-PianoSDKReactNative/Pods-PianoSDKReactNative.release.xcconfig"; sourceTree = "<group>"; };
		81AB9BB72411601600AC10FF /* LaunchScreen.storyboard */ = {isa = PBXFileReference; fileEncoding = 4; lastKnownFileType = file.storyboard; name = LaunchScreen.storyboard; path = PianoSDKReactNative/LaunchScreen.storyboard; sourceTree = "<group>"; };
		840CD4DB2A1CD4FA00C4100E /* PianoSdk.m */ = {isa = PBXFileReference; lastKnownFileType = sourcecode.c.objc; path = PianoSdk.m; sourceTree = "<group>"; };
		840CD4EC2A1D19EA00C4100E /* PianoSDKReactNative-Bridging-Header.h */ = {isa = PBXFileReference; lastKnownFileType = sourcecode.c.h; path = "PianoSDKReactNative-Bridging-Header.h"; sourceTree = "<group>"; };
		840CD4EF2A1D246C00C4100E /* PianoSdkWrapper.swift */ = {isa = PBXFileReference; lastKnownFileType = sourcecode.swift; path = PianoSdkWrapper.swift; sourceTree = "<group>"; };
		900875B5B7BAC86FA236F584 /* Pods-PianoSDKReactNative.debug.xcconfig */ = {isa = PBXFileReference; includeInIndex = 1; lastKnownFileType = text.xcconfig; name = "Pods-PianoSDKReactNative.debug.xcconfig"; path = "Target Support Files/Pods-PianoSDKReactNative/Pods-PianoSDKReactNative.debug.xcconfig"; sourceTree = "<group>"; };
		B88A150E4F94CA5EAB2FD8BD /* libPods-PianoSDKReactNative-PianoSDKReactNativeTests.a */ = {isa = PBXFileReference; explicitFileType = archive.ar; includeInIndex = 0; path = "libPods-PianoSDKReactNative-PianoSDKReactNativeTests.a"; sourceTree = BUILT_PRODUCTS_DIR; };
		EC5996D6E387BA2D4266C9C7 /* Pods-PianoSDKReactNative-PianoSDKReactNativeTests.release.xcconfig */ = {isa = PBXFileReference; includeInIndex = 1; lastKnownFileType = text.xcconfig; name = "Pods-PianoSDKReactNative-PianoSDKReactNativeTests.release.xcconfig"; path = "Target Support Files/Pods-PianoSDKReactNative-PianoSDKReactNativeTests/Pods-PianoSDKReactNative-PianoSDKReactNativeTests.release.xcconfig"; sourceTree = "<group>"; };
		ED297162215061F000B7C4FE /* JavaScriptCore.framework */ = {isa = PBXFileReference; lastKnownFileType = wrapper.framework; name = JavaScriptCore.framework; path = System/Library/Frameworks/JavaScriptCore.framework; sourceTree = SDKROOT; };
/* End PBXFileReference section */

/* Begin PBXFrameworksBuildPhase section */
		00E356EB1AD99517003FC87E /* Frameworks */ = {
			isa = PBXFrameworksBuildPhase;
			buildActionMask = 2147483647;
			files = (
				7212A8B50A1D1122092936DF /* libPods-PianoSDKReactNative-PianoSDKReactNativeTests.a in Frameworks */,
			);
			runOnlyForDeploymentPostprocessing = 0;
		};
		13B07F8C1A680F5B00A75B9A /* Frameworks */ = {
			isa = PBXFrameworksBuildPhase;
			buildActionMask = 2147483647;
			files = (
				840CD4E52A1D182300C4100E /* PianoComposer in Frameworks */,
				840CD4E92A1D182300C4100E /* PianoTemplate in Frameworks */,
				840CD4E12A1D182300C4100E /* PianoC1X in Frameworks */,
				840CD4E72A1D182300C4100E /* PianoOAuth in Frameworks */,
				840CD4E32A1D182300C4100E /* PianoCommon in Frameworks */,
				840CD4EB2A1D182300C4100E /* PianoTemplate.ID in Frameworks */,
				0AAFF0568745EC530561D10E /* libPods-PianoSDKReactNative.a in Frameworks */,
			);
			runOnlyForDeploymentPostprocessing = 0;
		};
/* End PBXFrameworksBuildPhase section */

/* Begin PBXGroup section */
		00E356EF1AD99517003FC87E /* PianoSDKReactNativeTests */ = {
			isa = PBXGroup;
			children = (
				00E356F21AD99517003FC87E /* PianoSDKReactNativeTests.m */,
				00E356F01AD99517003FC87E /* Supporting Files */,
			);
			path = PianoSDKReactNativeTests;
			sourceTree = "<group>";
		};
		00E356F01AD99517003FC87E /* Supporting Files */ = {
			isa = PBXGroup;
			children = (
				00E356F11AD99517003FC87E /* Info.plist */,
			);
			name = "Supporting Files";
			sourceTree = "<group>";
		};
		13B07FAE1A68108700A75B9A /* PianoSDKReactNative */ = {
			isa = PBXGroup;
			children = (
				13B07FAF1A68108700A75B9A /* AppDelegate.h */,
				13B07FB01A68108700A75B9A /* AppDelegate.mm */,
				13B07FB51A68108700A75B9A /* Images.xcassets */,
				13B07FB61A68108700A75B9A /* Info.plist */,
				81AB9BB72411601600AC10FF /* LaunchScreen.storyboard */,
				13B07FB71A68108700A75B9A /* main.m */,
				840CD4DB2A1CD4FA00C4100E /* PianoSdk.m */,
				840CD4EF2A1D246C00C4100E /* PianoSdkWrapper.swift */,
				840CD4EC2A1D19EA00C4100E /* PianoSDKReactNative-Bridging-Header.h */,
			);
			name = PianoSDKReactNative;
			sourceTree = "<group>";
		};
		2D16E6871FA4F8E400B85C8A /* Frameworks */ = {
			isa = PBXGroup;
			children = (
				ED297162215061F000B7C4FE /* JavaScriptCore.framework */,
				1D6B968EEBD441FBE501885F /* libPods-PianoSDKReactNative.a */,
				B88A150E4F94CA5EAB2FD8BD /* libPods-PianoSDKReactNative-PianoSDKReactNativeTests.a */,
			);
			name = Frameworks;
			sourceTree = "<group>";
		};
		832341AE1AAA6A7D00B99B32 /* Libraries */ = {
			isa = PBXGroup;
			children = (
			);
			name = Libraries;
			sourceTree = "<group>";
		};
		83CBB9F61A601CBA00E9B192 = {
			isa = PBXGroup;
			children = (
				13B07FAE1A68108700A75B9A /* PianoSDKReactNative */,
				832341AE1AAA6A7D00B99B32 /* Libraries */,
				00E356EF1AD99517003FC87E /* PianoSDKReactNativeTests */,
				83CBBA001A601CBA00E9B192 /* Products */,
				2D16E6871FA4F8E400B85C8A /* Frameworks */,
				BBD78D7AC51CEA395F1C20DB /* Pods */,
			);
			indentWidth = 2;
			sourceTree = "<group>";
			tabWidth = 2;
			usesTabs = 0;
		};
		83CBBA001A601CBA00E9B192 /* Products */ = {
			isa = PBXGroup;
			children = (
				13B07F961A680F5B00A75B9A /* PianoSDKReactNative.app */,
				00E356EE1AD99517003FC87E /* PianoSDKReactNativeTests.xctest */,
			);
			name = Products;
			sourceTree = "<group>";
		};
		BBD78D7AC51CEA395F1C20DB /* Pods */ = {
			isa = PBXGroup;
			children = (
				900875B5B7BAC86FA236F584 /* Pods-PianoSDKReactNative.debug.xcconfig */,
				274AAA6EE8A1AF776A083E4F /* Pods-PianoSDKReactNative.release.xcconfig */,
				1C9AA2AFCE8986076BA2FFB1 /* Pods-PianoSDKReactNative-PianoSDKReactNativeTests.debug.xcconfig */,
				EC5996D6E387BA2D4266C9C7 /* Pods-PianoSDKReactNative-PianoSDKReactNativeTests.release.xcconfig */,
			);
			path = Pods;
			sourceTree = "<group>";
		};
/* End PBXGroup section */

/* Begin PBXNativeTarget section */
		00E356ED1AD99517003FC87E /* PianoSDKReactNativeTests */ = {
			isa = PBXNativeTarget;
			buildConfigurationList = 00E357021AD99517003FC87E /* Build configuration list for PBXNativeTarget "PianoSDKReactNativeTests" */;
			buildPhases = (
				B935356996801D9BFB7826B5 /* [CP] Check Pods Manifest.lock */,
				00E356EA1AD99517003FC87E /* Sources */,
				00E356EB1AD99517003FC87E /* Frameworks */,
				00E356EC1AD99517003FC87E /* Resources */,
				71FC62A9477DCAE2424D470D /* [CP] Embed Pods Frameworks */,
				6A6A30C521C9BE74A590E2D1 /* [CP] Copy Pods Resources */,
			);
			buildRules = (
			);
			dependencies = (
				00E356F51AD99517003FC87E /* PBXTargetDependency */,
			);
			name = PianoSDKReactNativeTests;
			productName = PianoSDKReactNativeTests;
			productReference = 00E356EE1AD99517003FC87E /* PianoSDKReactNativeTests.xctest */;
			productType = "com.apple.product-type.bundle.unit-test";
		};
		13B07F861A680F5B00A75B9A /* PianoSDKReactNative */ = {
			isa = PBXNativeTarget;
			buildConfigurationList = 13B07F931A680F5B00A75B9A /* Build configuration list for PBXNativeTarget "PianoSDKReactNative" */;
			buildPhases = (
				9B2385E79C4FF11E2E7EA4FB /* [CP] Check Pods Manifest.lock */,
				FD10A7F022414F080027D42C /* Start Packager */,
				13B07F871A680F5B00A75B9A /* Sources */,
				13B07F8C1A680F5B00A75B9A /* Frameworks */,
				13B07F8E1A680F5B00A75B9A /* Resources */,
				00DD1BFF1BD5951E006B06BC /* Bundle React Native code and images */,
				F6E7ECB09050D62D15BB69C5 /* [CP] Embed Pods Frameworks */,
				B32929DF9C961F582A2B5BB8 /* [CP] Copy Pods Resources */,
			);
			buildRules = (
			);
			dependencies = (
			);
			name = PianoSDKReactNative;
			packageProductDependencies = (
				840CD4E02A1D182300C4100E /* PianoC1X */,
				840CD4E22A1D182300C4100E /* PianoCommon */,
				840CD4E42A1D182300C4100E /* PianoComposer */,
				840CD4E62A1D182300C4100E /* PianoOAuth */,
				840CD4E82A1D182300C4100E /* PianoTemplate */,
				840CD4EA2A1D182300C4100E /* PianoTemplate.ID */,
			);
			productName = PianoSDKReactNative;
			productReference = 13B07F961A680F5B00A75B9A /* PianoSDKReactNative.app */;
			productType = "com.apple.product-type.application";
		};
/* End PBXNativeTarget section */

/* Begin PBXProject section */
		83CBB9F71A601CBA00E9B192 /* Project object */ = {
			isa = PBXProject;
			attributes = {
				LastUpgradeCheck = 1210;
				TargetAttributes = {
					00E356ED1AD99517003FC87E = {
						CreatedOnToolsVersion = 6.2;
						TestTargetID = 13B07F861A680F5B00A75B9A;
					};
					13B07F861A680F5B00A75B9A = {
						LastSwiftMigration = 1430;
					};
				};
			};
			buildConfigurationList = 83CBB9FA1A601CBA00E9B192 /* Build configuration list for PBXProject "PianoSDKReactNative" */;
			compatibilityVersion = "Xcode 12.0";
			developmentRegion = en;
			hasScannedForEncodings = 0;
			knownRegions = (
				en,
				Base,
			);
			mainGroup = 83CBB9F61A601CBA00E9B192;
			packageReferences = (
				840CD4DF2A1D182300C4100E /* XCRemoteSwiftPackageReference "package" */,
			);
			productRefGroup = 83CBBA001A601CBA00E9B192 /* Products */;
			projectDirPath = "";
			projectRoot = "";
			targets = (
				13B07F861A680F5B00A75B9A /* PianoSDKReactNative */,
				00E356ED1AD99517003FC87E /* PianoSDKReactNativeTests */,
			);
		};
/* End PBXProject section */

/* Begin PBXResourcesBuildPhase section */
		00E356EC1AD99517003FC87E /* Resources */ = {
			isa = PBXResourcesBuildPhase;
			buildActionMask = 2147483647;
			files = (
			);
			runOnlyForDeploymentPostprocessing = 0;
		};
		13B07F8E1A680F5B00A75B9A /* Resources */ = {
			isa = PBXResourcesBuildPhase;
			buildActionMask = 2147483647;
			files = (
				81AB9BB82411601600AC10FF /* LaunchScreen.storyboard in Resources */,
				13B07FBF1A68108700A75B9A /* Images.xcassets in Resources */,
			);
			runOnlyForDeploymentPostprocessing = 0;
		};
/* End PBXResourcesBuildPhase section */

/* Begin PBXShellScriptBuildPhase section */
		00DD1BFF1BD5951E006B06BC /* Bundle React Native code and images */ = {
			isa = PBXShellScriptBuildPhase;
			buildActionMask = 2147483647;
			files = (
			);
			inputPaths = (
				"$(SRCROOT)/.xcode.env.local",
				"$(SRCROOT)/.xcode.env",
			);
			name = "Bundle React Native code and images";
			outputPaths = (
			);
			runOnlyForDeploymentPostprocessing = 0;
			shellPath = /bin/sh;
			shellScript = "set -e\n\nWITH_ENVIRONMENT=\"../node_modules/react-native/scripts/xcode/with-environment.sh\"\nREACT_NATIVE_XCODE=\"../node_modules/react-native/scripts/react-native-xcode.sh\"\n\n/bin/sh -c \"$WITH_ENVIRONMENT $REACT_NATIVE_XCODE\"\n";
		};
		6A6A30C521C9BE74A590E2D1 /* [CP] Copy Pods Resources */ = {
			isa = PBXShellScriptBuildPhase;
			buildActionMask = 2147483647;
			files = (
			);
			inputFileListPaths = (
				"${PODS_ROOT}/Target Support Files/Pods-PianoSDKReactNative-PianoSDKReactNativeTests/Pods-PianoSDKReactNative-PianoSDKReactNativeTests-resources-${CONFIGURATION}-input-files.xcfilelist",
			);
			name = "[CP] Copy Pods Resources";
			outputFileListPaths = (
				"${PODS_ROOT}/Target Support Files/Pods-PianoSDKReactNative-PianoSDKReactNativeTests/Pods-PianoSDKReactNative-PianoSDKReactNativeTests-resources-${CONFIGURATION}-output-files.xcfilelist",
			);
			runOnlyForDeploymentPostprocessing = 0;
			shellPath = /bin/sh;
			shellScript = "\"${PODS_ROOT}/Target Support Files/Pods-PianoSDKReactNative-PianoSDKReactNativeTests/Pods-PianoSDKReactNative-PianoSDKReactNativeTests-resources.sh\"\n";
			showEnvVarsInLog = 0;
		};
		71FC62A9477DCAE2424D470D /* [CP] Embed Pods Frameworks */ = {
			isa = PBXShellScriptBuildPhase;
			buildActionMask = 2147483647;
			files = (
			);
			inputFileListPaths = (
				"${PODS_ROOT}/Target Support Files/Pods-PianoSDKReactNative-PianoSDKReactNativeTests/Pods-PianoSDKReactNative-PianoSDKReactNativeTests-frameworks-${CONFIGURATION}-input-files.xcfilelist",
			);
			name = "[CP] Embed Pods Frameworks";
			outputFileListPaths = (
				"${PODS_ROOT}/Target Support Files/Pods-PianoSDKReactNative-PianoSDKReactNativeTests/Pods-PianoSDKReactNative-PianoSDKReactNativeTests-frameworks-${CONFIGURATION}-output-files.xcfilelist",
			);
			runOnlyForDeploymentPostprocessing = 0;
			shellPath = /bin/sh;
			shellScript = "\"${PODS_ROOT}/Target Support Files/Pods-PianoSDKReactNative-PianoSDKReactNativeTests/Pods-PianoSDKReactNative-PianoSDKReactNativeTests-frameworks.sh\"\n";
			showEnvVarsInLog = 0;
		};
		9B2385E79C4FF11E2E7EA4FB /* [CP] Check Pods Manifest.lock */ = {
			isa = PBXShellScriptBuildPhase;
			buildActionMask = 2147483647;
			files = (
			);
			inputFileListPaths = (
			);
			inputPaths = (
				"${PODS_PODFILE_DIR_PATH}/Podfile.lock",
				"${PODS_ROOT}/Manifest.lock",
			);
			name = "[CP] Check Pods Manifest.lock";
			outputFileListPaths = (
			);
			outputPaths = (
				"$(DERIVED_FILE_DIR)/Pods-PianoSDKReactNative-checkManifestLockResult.txt",
			);
			runOnlyForDeploymentPostprocessing = 0;
			shellPath = /bin/sh;
			shellScript = "diff \"${PODS_PODFILE_DIR_PATH}/Podfile.lock\" \"${PODS_ROOT}/Manifest.lock\" > /dev/null\nif [ $? != 0 ] ; then\n    # print error to STDERR\n    echo \"error: The sandbox is not in sync with the Podfile.lock. Run 'pod install' or update your CocoaPods installation.\" >&2\n    exit 1\nfi\n# This output is used by Xcode 'outputs' to avoid re-running this script phase.\necho \"SUCCESS\" > \"${SCRIPT_OUTPUT_FILE_0}\"\n";
			showEnvVarsInLog = 0;
		};
		B32929DF9C961F582A2B5BB8 /* [CP] Copy Pods Resources */ = {
			isa = PBXShellScriptBuildPhase;
			buildActionMask = 2147483647;
			files = (
			);
			inputFileListPaths = (
				"${PODS_ROOT}/Target Support Files/Pods-PianoSDKReactNative/Pods-PianoSDKReactNative-resources-${CONFIGURATION}-input-files.xcfilelist",
			);
			name = "[CP] Copy Pods Resources";
			outputFileListPaths = (
				"${PODS_ROOT}/Target Support Files/Pods-PianoSDKReactNative/Pods-PianoSDKReactNative-resources-${CONFIGURATION}-output-files.xcfilelist",
			);
			runOnlyForDeploymentPostprocessing = 0;
			shellPath = /bin/sh;
			shellScript = "\"${PODS_ROOT}/Target Support Files/Pods-PianoSDKReactNative/Pods-PianoSDKReactNative-resources.sh\"\n";
			showEnvVarsInLog = 0;
		};
		B935356996801D9BFB7826B5 /* [CP] Check Pods Manifest.lock */ = {
			isa = PBXShellScriptBuildPhase;
			buildActionMask = 2147483647;
			files = (
			);
			inputFileListPaths = (
			);
			inputPaths = (
				"${PODS_PODFILE_DIR_PATH}/Podfile.lock",
				"${PODS_ROOT}/Manifest.lock",
			);
			name = "[CP] Check Pods Manifest.lock";
			outputFileListPaths = (
			);
			outputPaths = (
				"$(DERIVED_FILE_DIR)/Pods-PianoSDKReactNative-PianoSDKReactNativeTests-checkManifestLockResult.txt",
			);
			runOnlyForDeploymentPostprocessing = 0;
			shellPath = /bin/sh;
			shellScript = "diff \"${PODS_PODFILE_DIR_PATH}/Podfile.lock\" \"${PODS_ROOT}/Manifest.lock\" > /dev/null\nif [ $? != 0 ] ; then\n    # print error to STDERR\n    echo \"error: The sandbox is not in sync with the Podfile.lock. Run 'pod install' or update your CocoaPods installation.\" >&2\n    exit 1\nfi\n# This output is used by Xcode 'outputs' to avoid re-running this script phase.\necho \"SUCCESS\" > \"${SCRIPT_OUTPUT_FILE_0}\"\n";
			showEnvVarsInLog = 0;
		};
		F6E7ECB09050D62D15BB69C5 /* [CP] Embed Pods Frameworks */ = {
			isa = PBXShellScriptBuildPhase;
			buildActionMask = 2147483647;
			files = (
			);
			inputFileListPaths = (
				"${PODS_ROOT}/Target Support Files/Pods-PianoSDKReactNative/Pods-PianoSDKReactNative-frameworks-${CONFIGURATION}-input-files.xcfilelist",
			);
			name = "[CP] Embed Pods Frameworks";
			outputFileListPaths = (
				"${PODS_ROOT}/Target Support Files/Pods-PianoSDKReactNative/Pods-PianoSDKReactNative-frameworks-${CONFIGURATION}-output-files.xcfilelist",
			);
			runOnlyForDeploymentPostprocessing = 0;
			shellPath = /bin/sh;
			shellScript = "\"${PODS_ROOT}/Target Support Files/Pods-PianoSDKReactNative/Pods-PianoSDKReactNative-frameworks.sh\"\n";
			showEnvVarsInLog = 0;
		};
		FD10A7F022414F080027D42C /* Start Packager */ = {
			isa = PBXShellScriptBuildPhase;
			buildActionMask = 2147483647;
			files = (
			);
			inputFileListPaths = (
			);
			inputPaths = (
			);
			name = "Start Packager";
			outputFileListPaths = (
			);
			outputPaths = (
			);
			runOnlyForDeploymentPostprocessing = 0;
			shellPath = /bin/sh;
			shellScript = "export RCT_METRO_PORT=\"${RCT_METRO_PORT:=8081}\"\necho \"export RCT_METRO_PORT=${RCT_METRO_PORT}\" > \"${SRCROOT}/../node_modules/react-native/scripts/.packager.env\"\nif [ -z \"${RCT_NO_LAUNCH_PACKAGER+xxx}\" ] ; then\n  if nc -w 5 -z localhost ${RCT_METRO_PORT} ; then\n    if ! curl -s \"http://localhost:${RCT_METRO_PORT}/status\" | grep -q \"packager-status:running\" ; then\n      echo \"Port ${RCT_METRO_PORT} already in use, packager is either not running or not running correctly\"\n      exit 2\n    fi\n  else\n    open \"$SRCROOT/../node_modules/react-native/scripts/launchPackager.command\" || echo \"Can't start packager automatically\"\n  fi\nfi\n";
			showEnvVarsInLog = 0;
		};
/* End PBXShellScriptBuildPhase section */

/* Begin PBXSourcesBuildPhase section */
		00E356EA1AD99517003FC87E /* Sources */ = {
			isa = PBXSourcesBuildPhase;
			buildActionMask = 2147483647;
			files = (
				00E356F31AD99517003FC87E /* PianoSDKReactNativeTests.m in Sources */,
			);
			runOnlyForDeploymentPostprocessing = 0;
		};
		13B07F871A680F5B00A75B9A /* Sources */ = {
			isa = PBXSourcesBuildPhase;
			buildActionMask = 2147483647;
			files = (
				13B07FBC1A68108700A75B9A /* AppDelegate.mm in Sources */,
				13B07FC11A68108700A75B9A /* main.m in Sources */,
				840CD4F02A1D246C00C4100E /* PianoSdkWrapper.swift in Sources */,
				840CD4DC2A1CD4FA00C4100E /* PianoSdk.m in Sources */,
			);
			runOnlyForDeploymentPostprocessing = 0;
		};
/* End PBXSourcesBuildPhase section */

/* Begin PBXTargetDependency section */
		00E356F51AD99517003FC87E /* PBXTargetDependency */ = {
			isa = PBXTargetDependency;
			target = 13B07F861A680F5B00A75B9A /* PianoSDKReactNative */;
			targetProxy = 00E356F41AD99517003FC87E /* PBXContainerItemProxy */;
		};
/* End PBXTargetDependency section */

/* Begin XCBuildConfiguration section */
		00E356F61AD99517003FC87E /* Debug */ = {
			isa = XCBuildConfiguration;
			baseConfigurationReference = 1C9AA2AFCE8986076BA2FFB1 /* Pods-PianoSDKReactNative-PianoSDKReactNativeTests.debug.xcconfig */;
			buildSettings = {
				ALWAYS_EMBED_SWIFT_STANDARD_LIBRARIES = YES;
				BUNDLE_LOADER = "$(TEST_HOST)";
				GCC_PREPROCESSOR_DEFINITIONS = (
					"DEBUG=1",
					"$(inherited)",
				);
				INFOPLIST_FILE = PianoSDKReactNativeTests/Info.plist;
				IPHONEOS_DEPLOYMENT_TARGET = 12.4;
				LD_RUNPATH_SEARCH_PATHS = (
					"$(inherited)",
					"@executable_path/Frameworks",
					"@loader_path/Frameworks",
				);
				OTHER_LDFLAGS = (
					"-ObjC",
					"-lc++",
					"$(inherited)",
				);
				PRODUCT_BUNDLE_IDENTIFIER = "org.reactjs.native.example.$(PRODUCT_NAME:rfc1034identifier)";
				PRODUCT_NAME = "$(TARGET_NAME)";
				TEST_HOST = "$(BUILT_PRODUCTS_DIR)/PianoSDKReactNative.app/PianoSDKReactNative";
			};
			name = Debug;
		};
		00E356F71AD99517003FC87E /* Release */ = {
			isa = XCBuildConfiguration;
			baseConfigurationReference = EC5996D6E387BA2D4266C9C7 /* Pods-PianoSDKReactNative-PianoSDKReactNativeTests.release.xcconfig */;
			buildSettings = {
				ALWAYS_EMBED_SWIFT_STANDARD_LIBRARIES = YES;
				BUNDLE_LOADER = "$(TEST_HOST)";
				COPY_PHASE_STRIP = NO;
				INFOPLIST_FILE = PianoSDKReactNativeTests/Info.plist;
				IPHONEOS_DEPLOYMENT_TARGET = 12.4;
				LD_RUNPATH_SEARCH_PATHS = (
					"$(inherited)",
					"@executable_path/Frameworks",
					"@loader_path/Frameworks",
				);
				OTHER_LDFLAGS = (
					"-ObjC",
					"-lc++",
					"$(inherited)",
				);
				PRODUCT_BUNDLE_IDENTIFIER = "org.reactjs.native.example.$(PRODUCT_NAME:rfc1034identifier)";
				PRODUCT_NAME = "$(TARGET_NAME)";
				TEST_HOST = "$(BUILT_PRODUCTS_DIR)/PianoSDKReactNative.app/PianoSDKReactNative";
			};
			name = Release;
		};
		13B07F941A680F5B00A75B9A /* Debug */ = {
			isa = XCBuildConfiguration;
			baseConfigurationReference = 900875B5B7BAC86FA236F584 /* Pods-PianoSDKReactNative.debug.xcconfig */;
			buildSettings = {
				ASSETCATALOG_COMPILER_APPICON_NAME = AppIcon;
				CLANG_ENABLE_MODULES = YES;
				CURRENT_PROJECT_VERSION = 1;
				DEFINES_MODULE = YES;
				DEVELOPMENT_TEAM = Z7NQ95UN63;
				ENABLE_BITCODE = NO;
				"EXCLUDED_ARCHS[sdk=iphonesimulator*]" = "i386 arm64";
				INFOPLIST_FILE = PianoSDKReactNative/Info.plist;
				LD_RUNPATH_SEARCH_PATHS = (
					"$(inherited)",
					"@executable_path/Frameworks",
				);
				LIBRARY_SEARCH_PATHS = (
					"$(SDKROOT)/usr/lib/swift",
					"$(inherited)",
					"\"${PODS_CONFIGURATION_BUILD_DIR}/CocoaAsyncSocket\"",
					"\"${PODS_CONFIGURATION_BUILD_DIR}/DoubleConversion\"",
					"\"${PODS_CONFIGURATION_BUILD_DIR}/Flipper\"",
					"\"${PODS_CONFIGURATION_BUILD_DIR}/Flipper-Boost-iOSX\"",
					"\"${PODS_CONFIGURATION_BUILD_DIR}/Flipper-Fmt\"",
					"\"${PODS_CONFIGURATION_BUILD_DIR}/Flipper-Folly\"",
					"\"${PODS_CONFIGURATION_BUILD_DIR}/Flipper-PeerTalk\"",
					"\"${PODS_CONFIGURATION_BUILD_DIR}/Flipper-RSocket\"",
					"\"${PODS_CONFIGURATION_BUILD_DIR}/FlipperKit\"",
					"\"${PODS_CONFIGURATION_BUILD_DIR}/RCT-Folly\"",
					"\"${PODS_CONFIGURATION_BUILD_DIR}/RCTTypeSafety\"",
					"\"${PODS_CONFIGURATION_BUILD_DIR}/React-Codegen\"",
					"\"${PODS_CONFIGURATION_BUILD_DIR}/React-Core\"",
					"\"${PODS_CONFIGURATION_BUILD_DIR}/React-CoreModules\"",
					"\"${PODS_CONFIGURATION_BUILD_DIR}/React-RCTAnimation\"",
					"\"${PODS_CONFIGURATION_BUILD_DIR}/React-RCTAppDelegate\"",
					"\"${PODS_CONFIGURATION_BUILD_DIR}/React-RCTBlob\"",
					"\"${PODS_CONFIGURATION_BUILD_DIR}/React-RCTImage\"",
					"\"${PODS_CONFIGURATION_BUILD_DIR}/React-RCTLinking\"",
					"\"${PODS_CONFIGURATION_BUILD_DIR}/React-RCTNetwork\"",
					"\"${PODS_CONFIGURATION_BUILD_DIR}/React-RCTSettings\"",
					"\"${PODS_CONFIGURATION_BUILD_DIR}/React-RCTText\"",
					"\"${PODS_CONFIGURATION_BUILD_DIR}/React-RCTVibration\"",
					"\"${PODS_CONFIGURATION_BUILD_DIR}/React-cxxreact\"",
					"\"${PODS_CONFIGURATION_BUILD_DIR}/React-hermes\"",
					"\"${PODS_CONFIGURATION_BUILD_DIR}/React-jsi\"",
					"\"${PODS_CONFIGURATION_BUILD_DIR}/React-jsiexecutor\"",
					"\"${PODS_CONFIGURATION_BUILD_DIR}/React-jsinspector\"",
					"\"${PODS_CONFIGURATION_BUILD_DIR}/React-logger\"",
					"\"${PODS_CONFIGURATION_BUILD_DIR}/React-perflogger\"",
					"\"${PODS_CONFIGURATION_BUILD_DIR}/ReactCommon\"",
					"\"${PODS_CONFIGURATION_BUILD_DIR}/SocketRocket\"",
					"\"${PODS_CONFIGURATION_BUILD_DIR}/Yoga\"",
					"\"${PODS_CONFIGURATION_BUILD_DIR}/YogaKit\"",
					"\"${PODS_CONFIGURATION_BUILD_DIR}/fmt\"",
					"\"${PODS_CONFIGURATION_BUILD_DIR}/glog\"",
					"\"${PODS_CONFIGURATION_BUILD_DIR}/libevent\"",
					/usr/lib/swift,
				);
				MARKETING_VERSION = 1.0.0;
				OTHER_LDFLAGS = (
					"$(inherited)",
					"-ObjC",
					"-lc++",
				);
				OTHER_SWIFT_FLAGS = "$(inherited) -D COCOAPODS -Xcc -fmodule-map-file=\"${PODS_CONFIGURATION_BUILD_DIR}/YogaKit/YogaKit.modulemap\" -Xcc -fmodule-map-file=\"${PODS_ROOT}/Headers/Public/FlipperKit/FlipperKit.modulemap\" -Xcc -fmodule-map-file=\"${PODS_ROOT}/Headers/Public/RCTTypeSafety/RCTTypeSafety.modulemap\" -Xcc -fmodule-map-file=\"${PODS_ROOT}/Headers/Public/React/React-Core.modulemap\" -Xcc -fmodule-map-file=\"${PODS_ROOT}/Headers/Public/ReactCommon/ReactCommon.modulemap\" -Xcc -fmodule-map-file=\"${PODS_ROOT}/Headers/Public/React_Codegen/React-Codegen.modulemap\" -Xcc -fmodule-map-file=\"${PODS_ROOT}/Headers/Public/folly/RCT-Folly.modulemap\" -Xcc -fmodule-map-file=\"${PODS_ROOT}/Headers/Public/yoga/Yoga.modulemap\" -Xcc -DFB_SONARKIT_ENABLED=0";
				PRODUCT_BUNDLE_IDENTIFIER = "org.reactjs.native.example.$(PRODUCT_NAME:rfc1034identifier)";
				PRODUCT_NAME = PianoSDKReactNative;
				SWIFT_OBJC_BRIDGING_HEADER = "PianoSDKReactNative-Bridging-Header.h";
				SWIFT_OBJC_INTERFACE_HEADER_NAME = "$(SWIFT_MODULE_NAME)-Swift.h";
				SWIFT_OPTIMIZATION_LEVEL = "-Onone";
				SWIFT_VERSION = 5.0;
				VERSIONING_SYSTEM = "apple-generic";
			};
			name = Debug;
		};
		13B07F951A680F5B00A75B9A /* Release */ = {
			isa = XCBuildConfiguration;
			baseConfigurationReference = 274AAA6EE8A1AF776A083E4F /* Pods-PianoSDKReactNative.release.xcconfig */;
			buildSettings = {
				ASSETCATALOG_COMPILER_APPICON_NAME = AppIcon;
				CLANG_ENABLE_MODULES = YES;
				CURRENT_PROJECT_VERSION = 1;
				DEFINES_MODULE = YES;
				DEVELOPMENT_TEAM = Z7NQ95UN63;
				"EXCLUDED_ARCHS[sdk=iphonesimulator*]" = "i386 arm64";
				INFOPLIST_FILE = PianoSDKReactNative/Info.plist;
				LD_RUNPATH_SEARCH_PATHS = (
					"$(inherited)",
					"@executable_path/Frameworks",
				);
				LIBRARY_SEARCH_PATHS = (
					"$(SDKROOT)/usr/lib/swift",
					"$(inherited)",
					"\"${PODS_CONFIGURATION_BUILD_DIR}/CocoaAsyncSocket\"",
					"\"${PODS_CONFIGURATION_BUILD_DIR}/DoubleConversion\"",
					"\"${PODS_CONFIGURATION_BUILD_DIR}/RCT-Folly\"",
					"\"${PODS_CONFIGURATION_BUILD_DIR}/RCTTypeSafety\"",
					"\"${PODS_CONFIGURATION_BUILD_DIR}/React-Codegen\"",
					"\"${PODS_CONFIGURATION_BUILD_DIR}/React-Core\"",
					"\"${PODS_CONFIGURATION_BUILD_DIR}/React-CoreModules\"",
					"\"${PODS_CONFIGURATION_BUILD_DIR}/React-RCTAnimation\"",
					"\"${PODS_CONFIGURATION_BUILD_DIR}/React-RCTAppDelegate\"",
					"\"${PODS_CONFIGURATION_BUILD_DIR}/React-RCTBlob\"",
					"\"${PODS_CONFIGURATION_BUILD_DIR}/React-RCTImage\"",
					"\"${PODS_CONFIGURATION_BUILD_DIR}/React-RCTLinking\"",
					"\"${PODS_CONFIGURATION_BUILD_DIR}/React-RCTNetwork\"",
					"\"${PODS_CONFIGURATION_BUILD_DIR}/React-RCTSettings\"",
					"\"${PODS_CONFIGURATION_BUILD_DIR}/React-RCTText\"",
					"\"${PODS_CONFIGURATION_BUILD_DIR}/React-RCTVibration\"",
					"\"${PODS_CONFIGURATION_BUILD_DIR}/React-cxxreact\"",
					"\"${PODS_CONFIGURATION_BUILD_DIR}/React-hermes\"",
					"\"${PODS_CONFIGURATION_BUILD_DIR}/React-jsi\"",
					"\"${PODS_CONFIGURATION_BUILD_DIR}/React-jsiexecutor\"",
					"\"${PODS_CONFIGURATION_BUILD_DIR}/React-jsinspector\"",
					"\"${PODS_CONFIGURATION_BUILD_DIR}/React-logger\"",
					"\"${PODS_CONFIGURATION_BUILD_DIR}/React-perflogger\"",
					"\"${PODS_CONFIGURATION_BUILD_DIR}/ReactCommon\"",
					"\"${PODS_CONFIGURATION_BUILD_DIR}/SocketRocket\"",
					"\"${PODS_CONFIGURATION_BUILD_DIR}/Yoga\"",
					"\"${PODS_CONFIGURATION_BUILD_DIR}/YogaKit\"",
					"\"${PODS_CONFIGURATION_BUILD_DIR}/fmt\"",
					"\"${PODS_CONFIGURATION_BUILD_DIR}/glog\"",
					"\"${PODS_CONFIGURATION_BUILD_DIR}/libevent\"",
					/usr/lib/swift,
				);
				MARKETING_VERSION = 1.0.0;
				OTHER_LDFLAGS = (
					"$(inherited)",
					"-ObjC",
					"-lc++",
				);
				PRODUCT_BUNDLE_IDENTIFIER = "org.reactjs.native.example.$(PRODUCT_NAME:rfc1034identifier)";
				PRODUCT_NAME = PianoSDKReactNative;
				SWIFT_OBJC_BRIDGING_HEADER = "PianoSDKReactNative-Bridging-Header.h";
				SWIFT_OBJC_INTERFACE_HEADER_NAME = "$(SWIFT_MODULE_NAME)-Swift.h";
				SWIFT_VERSION = 5.0;
				VERSIONING_SYSTEM = "apple-generic";
			};
			name = Release;
		};
		83CBBA201A601CBA00E9B192 /* Debug */ = {
			isa = XCBuildConfiguration;
			buildSettings = {
				ALWAYS_SEARCH_USER_PATHS = NO;
				CLANG_ANALYZER_LOCALIZABILITY_NONLOCALIZED = YES;
				CLANG_CXX_LANGUAGE_STANDARD = "c++17";
				CLANG_CXX_LIBRARY = "libc++";
				CLANG_ENABLE_MODULES = YES;
				CLANG_ENABLE_OBJC_ARC = YES;
				CLANG_WARN_BLOCK_CAPTURE_AUTORELEASING = YES;
				CLANG_WARN_BOOL_CONVERSION = YES;
				CLANG_WARN_COMMA = YES;
				CLANG_WARN_CONSTANT_CONVERSION = YES;
				CLANG_WARN_DEPRECATED_OBJC_IMPLEMENTATIONS = YES;
				CLANG_WARN_DIRECT_OBJC_ISA_USAGE = YES_ERROR;
				CLANG_WARN_EMPTY_BODY = YES;
				CLANG_WARN_ENUM_CONVERSION = YES;
				CLANG_WARN_INFINITE_RECURSION = YES;
				CLANG_WARN_INT_CONVERSION = YES;
				CLANG_WARN_NON_LITERAL_NULL_CONVERSION = YES;
				CLANG_WARN_OBJC_IMPLICIT_RETAIN_SELF = YES;
				CLANG_WARN_OBJC_LITERAL_CONVERSION = YES;
				CLANG_WARN_OBJC_ROOT_CLASS = YES_ERROR;
				CLANG_WARN_QUOTED_INCLUDE_IN_FRAMEWORK_HEADER = YES;
				CLANG_WARN_RANGE_LOOP_ANALYSIS = YES;
				CLANG_WARN_STRICT_PROTOTYPES = YES;
				CLANG_WARN_SUSPICIOUS_MOVE = YES;
				CLANG_WARN_UNREACHABLE_CODE = YES;
				CLANG_WARN__DUPLICATE_METHOD_MATCH = YES;
				"CODE_SIGN_IDENTITY[sdk=iphoneos*]" = "iPhone Developer";
				COPY_PHASE_STRIP = NO;
				DEFINES_MODULE = YES;
				ENABLE_STRICT_OBJC_MSGSEND = YES;
				ENABLE_TESTABILITY = YES;
				"EXCLUDED_ARCHS[sdk=iphonesimulator*]" = i386;
				GCC_C_LANGUAGE_STANDARD = gnu99;
				GCC_DYNAMIC_NO_PIC = NO;
				GCC_NO_COMMON_BLOCKS = YES;
				GCC_OPTIMIZATION_LEVEL = 0;
				GCC_PREPROCESSOR_DEFINITIONS = (
					"DEBUG=1",
					"$(inherited)",
				);
				GCC_SYMBOLS_PRIVATE_EXTERN = NO;
				GCC_WARN_64_TO_32_BIT_CONVERSION = YES;
				GCC_WARN_ABOUT_RETURN_TYPE = YES_ERROR;
				GCC_WARN_UNDECLARED_SELECTOR = YES;
				GCC_WARN_UNINITIALIZED_AUTOS = YES_AGGRESSIVE;
				GCC_WARN_UNUSED_FUNCTION = YES;
				GCC_WARN_UNUSED_VARIABLE = YES;
				IPHONEOS_DEPLOYMENT_TARGET = 12.4;
				LD_RUNPATH_SEARCH_PATHS = (
					/usr/lib/swift,
					"$(inherited)",
				);
				LIBRARY_SEARCH_PATHS = (
					"\"$(SDKROOT)/usr/lib/swift\"",
					"\"$(TOOLCHAIN_DIR)/usr/lib/swift/$(PLATFORM_NAME)\"",
					"\"$(inherited)\"",
				);
				MTL_ENABLE_DEBUG_INFO = YES;
				ONLY_ACTIVE_ARCH = YES;
				OTHER_CPLUSPLUSFLAGS = (
					"$(OTHER_CFLAGS)",
					"-DFOLLY_NO_CONFIG",
					"-DFOLLY_MOBILE=1",
					"-DFOLLY_USE_LIBCPP=1",
				);
				PRODUCT_MODULE_NAME = "$(PRODUCT_NAME:c99extidentifier)";
				REACT_NATIVE_PATH = "${PODS_ROOT}/../../node_modules/react-native";
				SDKROOT = iphoneos;
			};
			name = Debug;
		};
		83CBBA211A601CBA00E9B192 /* Release */ = {
			isa = XCBuildConfiguration;
			buildSettings = {
				ALWAYS_SEARCH_USER_PATHS = NO;
				CLANG_ANALYZER_LOCALIZABILITY_NONLOCALIZED = YES;
				CLANG_CXX_LANGUAGE_STANDARD = "c++17";
				CLANG_CXX_LIBRARY = "libc++";
				CLANG_ENABLE_MODULES = YES;
				CLANG_ENABLE_OBJC_ARC = YES;
				CLANG_WARN_BLOCK_CAPTURE_AUTORELEASING = YES;
				CLANG_WARN_BOOL_CONVERSION = YES;
				CLANG_WARN_COMMA = YES;
				CLANG_WARN_CONSTANT_CONVERSION = YES;
				CLANG_WARN_DEPRECATED_OBJC_IMPLEMENTATIONS = YES;
				CLANG_WARN_DIRECT_OBJC_ISA_USAGE = YES_ERROR;
				CLANG_WARN_EMPTY_BODY = YES;
				CLANG_WARN_ENUM_CONVERSION = YES;
				CLANG_WARN_INFINITE_RECURSION = YES;
				CLANG_WARN_INT_CONVERSION = YES;
				CLANG_WARN_NON_LITERAL_NULL_CONVERSION = YES;
				CLANG_WARN_OBJC_IMPLICIT_RETAIN_SELF = YES;
				CLANG_WARN_OBJC_LITERAL_CONVERSION = YES;
				CLANG_WARN_OBJC_ROOT_CLASS = YES_ERROR;
				CLANG_WARN_QUOTED_INCLUDE_IN_FRAMEWORK_HEADER = YES;
				CLANG_WARN_RANGE_LOOP_ANALYSIS = YES;
				CLANG_WARN_STRICT_PROTOTYPES = YES;
				CLANG_WARN_SUSPICIOUS_MOVE = YES;
				CLANG_WARN_UNREACHABLE_CODE = YES;
				CLANG_WARN__DUPLICATE_METHOD_MATCH = YES;
				"CODE_SIGN_IDENTITY[sdk=iphoneos*]" = "iPhone Developer";
				COPY_PHASE_STRIP = YES;
				DEFINES_MODULE = YES;
				ENABLE_NS_ASSERTIONS = NO;
				ENABLE_STRICT_OBJC_MSGSEND = YES;
				"EXCLUDED_ARCHS[sdk=iphonesimulator*]" = i386;
				GCC_C_LANGUAGE_STANDARD = gnu99;
				GCC_NO_COMMON_BLOCKS = YES;
				GCC_WARN_64_TO_32_BIT_CONVERSION = YES;
				GCC_WARN_ABOUT_RETURN_TYPE = YES_ERROR;
				GCC_WARN_UNDECLARED_SELECTOR = YES;
				GCC_WARN_UNINITIALIZED_AUTOS = YES_AGGRESSIVE;
				GCC_WARN_UNUSED_FUNCTION = YES;
				GCC_WARN_UNUSED_VARIABLE = YES;
				IPHONEOS_DEPLOYMENT_TARGET = 12.4;
				LD_RUNPATH_SEARCH_PATHS = (
					/usr/lib/swift,
					"$(inherited)",
				);
				LIBRARY_SEARCH_PATHS = (
					"\"$(SDKROOT)/usr/lib/swift\"",
					"\"$(TOOLCHAIN_DIR)/usr/lib/swift/$(PLATFORM_NAME)\"",
					"\"$(inherited)\"",
				);
				MTL_ENABLE_DEBUG_INFO = NO;
				OTHER_CPLUSPLUSFLAGS = (
					"$(OTHER_CFLAGS)",
					"-DFOLLY_NO_CONFIG",
					"-DFOLLY_MOBILE=1",
					"-DFOLLY_USE_LIBCPP=1",
				);
				PRODUCT_MODULE_NAME = "$(PRODUCT_NAME:c99extidentifier)";
				REACT_NATIVE_PATH = "${PODS_ROOT}/../../node_modules/react-native";
				SDKROOT = iphoneos;
				VALIDATE_PRODUCT = YES;
			};
			name = Release;
		};
/* End XCBuildConfiguration section */

/* Begin XCConfigurationList section */
		00E357021AD99517003FC87E /* Build configuration list for PBXNativeTarget "PianoSDKReactNativeTests" */ = {
			isa = XCConfigurationList;
			buildConfigurations = (
				00E356F61AD99517003FC87E /* Debug */,
				00E356F71AD99517003FC87E /* Release */,
			);
			defaultConfigurationIsVisible = 0;
			defaultConfigurationName = Release;
		};
		13B07F931A680F5B00A75B9A /* Build configuration list for PBXNativeTarget "PianoSDKReactNative" */ = {
			isa = XCConfigurationList;
			buildConfigurations = (
				13B07F941A680F5B00A75B9A /* Debug */,
				13B07F951A680F5B00A75B9A /* Release */,
			);
			defaultConfigurationIsVisible = 0;
			defaultConfigurationName = Release;
		};
		83CBB9FA1A601CBA00E9B192 /* Build configuration list for PBXProject "PianoSDKReactNative" */ = {
			isa = XCConfigurationList;
			buildConfigurations = (
				83CBBA201A601CBA00E9B192 /* Debug */,
				83CBBA211A601CBA00E9B192 /* Release */,
			);
			defaultConfigurationIsVisible = 0;
			defaultConfigurationName = Release;
		};
/* End XCConfigurationList section */

/* Begin XCRemoteSwiftPackageReference section */
		840CD4DF2A1D182300C4100E /* XCRemoteSwiftPackageReference "package" */ = {
			isa = XCRemoteSwiftPackageReference;
			repositoryURL = "https://gitlab.com/piano-public/sdk/ios/package";
			requirement = {
				kind = upToNextMajorVersion;
				minimumVersion = 2.0.0;
			};
		};
/* End XCRemoteSwiftPackageReference section */

/* Begin XCSwiftPackageProductDependency section */
		840CD4E02A1D182300C4100E /* PianoC1X */ = {
			isa = XCSwiftPackageProductDependency;
			package = 840CD4DF2A1D182300C4100E /* XCRemoteSwiftPackageReference "package" */;
			productName = PianoC1X;
		};
		840CD4E22A1D182300C4100E /* PianoCommon */ = {
			isa = XCSwiftPackageProductDependency;
			package = 840CD4DF2A1D182300C4100E /* XCRemoteSwiftPackageReference "package" */;
			productName = PianoCommon;
		};
		840CD4E42A1D182300C4100E /* PianoComposer */ = {
			isa = XCSwiftPackageProductDependency;
			package = 840CD4DF2A1D182300C4100E /* XCRemoteSwiftPackageReference "package" */;
			productName = PianoComposer;
		};
		840CD4E62A1D182300C4100E /* PianoOAuth */ = {
			isa = XCSwiftPackageProductDependency;
			package = 840CD4DF2A1D182300C4100E /* XCRemoteSwiftPackageReference "package" */;
			productName = PianoOAuth;
		};
		840CD4E82A1D182300C4100E /* PianoTemplate */ = {
			isa = XCSwiftPackageProductDependency;
			package = 840CD4DF2A1D182300C4100E /* XCRemoteSwiftPackageReference "package" */;
			productName = PianoTemplate;
		};
		840CD4EA2A1D182300C4100E /* PianoTemplate.ID */ = {
			isa = XCSwiftPackageProductDependency;
			package = 840CD4DF2A1D182300C4100E /* XCRemoteSwiftPackageReference "package" */;
			productName = PianoTemplate.ID;
		};
/* End XCSwiftPackageProductDependency section */
	};
	rootObject = 83CBB9F71A601CBA00E9B192 /* Project object */;
}
